// !$*UTF8*$!
{
	archiveVersion = 1;
	classes = {
	};
	objectVersion = 46;
	objects = {

/* Begin PBXBuildFile section */
		C8CF85501C9280A00038DA8F /* main.m in Sources */ = {isa = PBXBuildFile; fileRef = C8CF854F1C9280A00038DA8F /* main.m */; };
		C8CF85531C9280A00038DA8F /* AppDelegate.m in Sources */ = {isa = PBXBuildFile; fileRef = C8CF85521C9280A00038DA8F /* AppDelegate.m */; };
		C8CF85591C9280A00038DA8F /* Main.storyboard in Resources */ = {isa = PBXBuildFile; fileRef = C8CF85571C9280A00038DA8F /* Main.storyboard */; };
		C8CF855B1C9280A00038DA8F /* Assets.xcassets in Resources */ = {isa = PBXBuildFile; fileRef = C8CF855A1C9280A00038DA8F /* Assets.xcassets */; };
		C8CF855E1C9280A00038DA8F /* LaunchScreen.storyboard in Resources */ = {isa = PBXBuildFile; fileRef = C8CF855C1C9280A00038DA8F /* LaunchScreen.storyboard */; };
		C8CF85691C9280A00038DA8F /* ReadXMLparseDemoTests.m in Sources */ = {isa = PBXBuildFile; fileRef = C8CF85681C9280A00038DA8F /* ReadXMLparseDemoTests.m */; };
		C8CF85741C9280A00038DA8F /* ReadXMLparseDemoUITests.m in Sources */ = {isa = PBXBuildFile; fileRef = C8CF85731C9280A00038DA8F /* ReadXMLparseDemoUITests.m */; };
		C8CF85891C92819E0038DA8F /* RootViewController.m in Sources */ = {isa = PBXBuildFile; fileRef = C8CF85871C92819E0038DA8F /* RootViewController.m */; };
		C8CF858A1C92819E0038DA8F /* RootViewController.xib in Resources */ = {isa = PBXBuildFile; fileRef = C8CF85881C92819E0038DA8F /* RootViewController.xib */; };
		C8CF858E1C9286980038DA8F /* XMLParseTableViewCell.m in Sources */ = {isa = PBXBuildFile; fileRef = C8CF858C1C9286980038DA8F /* XMLParseTableViewCell.m */; };
		C8CF858F1C9286980038DA8F /* XMLParseTableViewCell.xib in Resources */ = {isa = PBXBuildFile; fileRef = C8CF858D1C9286980038DA8F /* XMLParseTableViewCell.xib */; };
		C8CF85941C9288870038DA8F /* EathquakeModel.m in Sources */ = {isa = PBXBuildFile; fileRef = C8CF85931C9288870038DA8F /* EathquakeModel.m */; };
		C8CF85971C928ECE0038DA8F /* XMLParseOperation.m in Sources */ = {isa = PBXBuildFile; fileRef = C8CF85961C928ECE0038DA8F /* XMLParseOperation.m */; };
/* End PBXBuildFile section */

/* Begin PBXContainerItemProxy section */
		C8CF85651C9280A00038DA8F /* PBXContainerItemProxy */ = {
			isa = PBXContainerItemProxy;
			containerPortal = C8CF85431C9280A00038DA8F /* Project object */;
			proxyType = 1;
			remoteGlobalIDString = C8CF854A1C9280A00038DA8F;
			remoteInfo = ReadXMLparseDemo;
		};
		C8CF85701C9280A00038DA8F /* PBXContainerItemProxy */ = {
			isa = PBXContainerItemProxy;
			containerPortal = C8CF85431C9280A00038DA8F /* Project object */;
			proxyType = 1;
			remoteGlobalIDString = C8CF854A1C9280A00038DA8F;
			remoteInfo = ReadXMLparseDemo;
		};
/* End PBXContainerItemProxy section */

/* Begin PBXFileReference section */
		C8CF854B1C9280A00038DA8F /* ReadXMLparseDemo.app */ = {isa = PBXFileReference; explicitFileType = wrapper.application; includeInIndex = 0; path = ReadXMLparseDemo.app; sourceTree = BUILT_PRODUCTS_DIR; };
		C8CF854F1C9280A00038DA8F /* main.m */ = {isa = PBXFileReference; lastKnownFileType = sourcecode.c.objc; path = main.m; sourceTree = "<group>"; };
		C8CF85511C9280A00038DA8F /* AppDelegate.h */ = {isa = PBXFileReference; lastKnownFileType = sourcecode.c.h; path = AppDelegate.h; sourceTree = "<group>"; };
		C8CF85521C9280A00038DA8F /* AppDelegate.m */ = {isa = PBXFileReference; lastKnownFileType = sourcecode.c.objc; path = AppDelegate.m; sourceTree = "<group>"; };
		C8CF85581C9280A00038DA8F /* Base */ = {isa = PBXFileReference; lastKnownFileType = file.storyboard; name = Base; path = Base.lproj/Main.storyboard; sourceTree = "<group>"; };
		C8CF855A1C9280A00038DA8F /* Assets.xcassets */ = {isa = PBXFileReference; lastKnownFileType = folder.assetcatalog; path = Assets.xcassets; sourceTree = "<group>"; };
		C8CF855D1C9280A00038DA8F /* Base */ = {isa = PBXFileReference; lastKnownFileType = file.storyboard; name = Base; path = Base.lproj/LaunchScreen.storyboard; sourceTree = "<group>"; };
		C8CF855F1C9280A00038DA8F /* Info.plist */ = {isa = PBXFileReference; lastKnownFileType = text.plist.xml; path = Info.plist; sourceTree = "<group>"; };
		C8CF85641C9280A00038DA8F /* ReadXMLparseDemoTests.xctest */ = {isa = PBXFileReference; explicitFileType = wrapper.cfbundle; includeInIndex = 0; path = ReadXMLparseDemoTests.xctest; sourceTree = BUILT_PRODUCTS_DIR; };
		C8CF85681C9280A00038DA8F /* ReadXMLparseDemoTests.m */ = {isa = PBXFileReference; lastKnownFileType = sourcecode.c.objc; path = ReadXMLparseDemoTests.m; sourceTree = "<group>"; };
		C8CF856A1C9280A00038DA8F /* Info.plist */ = {isa = PBXFileReference; lastKnownFileType = text.plist.xml; path = Info.plist; sourceTree = "<group>"; };
		C8CF856F1C9280A00038DA8F /* ReadXMLparseDemoUITests.xctest */ = {isa = PBXFileReference; explicitFileType = wrapper.cfbundle; includeInIndex = 0; path = ReadXMLparseDemoUITests.xctest; sourceTree = BUILT_PRODUCTS_DIR; };
		C8CF85731C9280A00038DA8F /* ReadXMLparseDemoUITests.m */ = {isa = PBXFileReference; lastKnownFileType = sourcecode.c.objc; path = ReadXMLparseDemoUITests.m; sourceTree = "<group>"; };
		C8CF85751C9280A00038DA8F /* Info.plist */ = {isa = PBXFileReference; lastKnownFileType = text.plist.xml; path = Info.plist; sourceTree = "<group>"; };
		C8CF85861C92819E0038DA8F /* RootViewController.h */ = {isa = PBXFileReference; fileEncoding = 4; lastKnownFileType = sourcecode.c.h; path = RootViewController.h; sourceTree = "<group>"; };
		C8CF85871C92819E0038DA8F /* RootViewController.m */ = {isa = PBXFileReference; fileEncoding = 4; lastKnownFileType = sourcecode.c.objc; path = RootViewController.m; sourceTree = "<group>"; };
		C8CF85881C92819E0038DA8F /* RootViewController.xib */ = {isa = PBXFileReference; fileEncoding = 4; lastKnownFileType = file.xib; path = RootViewController.xib; sourceTree = "<group>"; };
		C8CF858B1C9286980038DA8F /* XMLParseTableViewCell.h */ = {isa = PBXFileReference; fileEncoding = 4; lastKnownFileType = sourcecode.c.h; path = XMLParseTableViewCell.h; sourceTree = "<group>"; };
		C8CF858C1C9286980038DA8F /* XMLParseTableViewCell.m */ = {isa = PBXFileReference; fileEncoding = 4; lastKnownFileType = sourcecode.c.objc; path = XMLParseTableViewCell.m; sourceTree = "<group>"; };
		C8CF858D1C9286980038DA8F /* XMLParseTableViewCell.xib */ = {isa = PBXFileReference; fileEncoding = 4; lastKnownFileType = file.xib; path = XMLParseTableViewCell.xib; sourceTree = "<group>"; };
		C8CF85921C9288870038DA8F /* EathquakeModel.h */ = {isa = PBXFileReference; fileEncoding = 4; lastKnownFileType = sourcecode.c.h; path = EathquakeModel.h; sourceTree = "<group>"; };
		C8CF85931C9288870038DA8F /* EathquakeModel.m */ = {isa = PBXFileReference; fileEncoding = 4; lastKnownFileType = sourcecode.c.objc; path = EathquakeModel.m; sourceTree = "<group>"; };
		C8CF85951C928ECE0038DA8F /* XMLParseOperation.h */ = {isa = PBXFileReference; fileEncoding = 4; lastKnownFileType = sourcecode.c.h; path = XMLParseOperation.h; sourceTree = "<group>"; };
		C8CF85961C928ECE0038DA8F /* XMLParseOperation.m */ = {isa = PBXFileReference; fileEncoding = 4; lastKnownFileType = sourcecode.c.objc; path = XMLParseOperation.m; sourceTree = "<group>"; };
/* End PBXFileReference section */

/* Begin PBXFrameworksBuildPhase section */
		C8CF85481C9280A00038DA8F /* Frameworks */ = {
			isa = PBXFrameworksBuildPhase;
			buildActionMask = 2147483647;
			files = (
			);
			runOnlyForDeploymentPostprocessing = 0;
		};
		C8CF85611C9280A00038DA8F /* Frameworks */ = {
			isa = PBXFrameworksBuildPhase;
			buildActionMask = 2147483647;
			files = (
			);
			runOnlyForDeploymentPostprocessing = 0;
		};
		C8CF856C1C9280A00038DA8F /* Frameworks */ = {
			isa = PBXFrameworksBuildPhase;
			buildActionMask = 2147483647;
			files = (
			);
			runOnlyForDeploymentPostprocessing = 0;
		};
/* End PBXFrameworksBuildPhase section */

/* Begin PBXGroup section */
		C8CF85421C9280A00038DA8F = {
			isa = PBXGroup;
			children = (
				C8CF854D1C9280A00038DA8F /* ReadXMLparseDemo */,
				C8CF85671C9280A00038DA8F /* ReadXMLparseDemoTests */,
				C8CF85721C9280A00038DA8F /* ReadXMLparseDemoUITests */,
				C8CF854C1C9280A00038DA8F /* Products */,
			);
			sourceTree = "<group>";
		};
		C8CF854C1C9280A00038DA8F /* Products */ = {
			isa = PBXGroup;
			children = (
				C8CF854B1C9280A00038DA8F /* ReadXMLparseDemo.app */,
				C8CF85641C9280A00038DA8F /* ReadXMLparseDemoTests.xctest */,
				C8CF856F1C9280A00038DA8F /* ReadXMLparseDemoUITests.xctest */,
			);
			name = Products;
			sourceTree = "<group>";
		};
		C8CF854D1C9280A00038DA8F /* ReadXMLparseDemo */ = {
			isa = PBXGroup;
			children = (
				C8CF85911C92883F0038DA8F /* Model */,
				C8CF85901C92882D0038DA8F /* View */,
				C8CF85511C9280A00038DA8F /* AppDelegate.h */,
				C8CF85521C9280A00038DA8F /* AppDelegate.m */,
				C8CF85571C9280A00038DA8F /* Main.storyboard */,
				C8CF855A1C9280A00038DA8F /* Assets.xcassets */,
				C8CF855C1C9280A00038DA8F /* LaunchScreen.storyboard */,
				C8CF855F1C9280A00038DA8F /* Info.plist */,
				C8CF854E1C9280A00038DA8F /* Supporting Files */,
			);
			path = ReadXMLparseDemo;
			sourceTree = "<group>";
		};
		C8CF854E1C9280A00038DA8F /* Supporting Files */ = {
			isa = PBXGroup;
			children = (
				C8CF854F1C9280A00038DA8F /* main.m */,
			);
			name = "Supporting Files";
			sourceTree = "<group>";
		};
		C8CF85671C9280A00038DA8F /* ReadXMLparseDemoTests */ = {
			isa = PBXGroup;
			children = (
				C8CF85681C9280A00038DA8F /* ReadXMLparseDemoTests.m */,
				C8CF856A1C9280A00038DA8F /* Info.plist */,
			);
			path = ReadXMLparseDemoTests;
			sourceTree = "<group>";
		};
		C8CF85721C9280A00038DA8F /* ReadXMLparseDemoUITests */ = {
			isa = PBXGroup;
			children = (
				C8CF85731C9280A00038DA8F /* ReadXMLparseDemoUITests.m */,
				C8CF85751C9280A00038DA8F /* Info.plist */,
			);
			path = ReadXMLparseDemoUITests;
			sourceTree = "<group>";
		};
		C8CF85901C92882D0038DA8F /* View */ = {
			isa = PBXGroup;
			children = (
				C8CF85861C92819E0038DA8F /* RootViewController.h */,
				C8CF85871C92819E0038DA8F /* RootViewController.m */,
				C8CF85881C92819E0038DA8F /* RootViewController.xib */,
				C8CF858B1C9286980038DA8F /* XMLParseTableViewCell.h */,
				C8CF858C1C9286980038DA8F /* XMLParseTableViewCell.m */,
				C8CF858D1C9286980038DA8F /* XMLParseTableViewCell.xib */,
			);
			name = View;
			sourceTree = "<group>";
		};
		C8CF85911C92883F0038DA8F /* Model */ = {
			isa = PBXGroup;
			children = (
				C8CF85921C9288870038DA8F /* EathquakeModel.h */,
				C8CF85931C9288870038DA8F /* EathquakeModel.m */,
				C8CF85951C928ECE0038DA8F /* XMLParseOperation.h */,
				C8CF85961C928ECE0038DA8F /* XMLParseOperation.m */,
			);
			name = Model;
			sourceTree = "<group>";
		};
/* End PBXGroup section */

/* Begin PBXNativeTarget section */
		C8CF854A1C9280A00038DA8F /* ReadXMLparseDemo */ = {
			isa = PBXNativeTarget;
			buildConfigurationList = C8CF85781C9280A00038DA8F /* Build configuration list for PBXNativeTarget "ReadXMLparseDemo" */;
			buildPhases = (
				C8CF85471C9280A00038DA8F /* Sources */,
				C8CF85481C9280A00038DA8F /* Frameworks */,
				C8CF85491C9280A00038DA8F /* Resources */,
			);
			buildRules = (
			);
			dependencies = (
			);
			name = ReadXMLparseDemo;
			productName = ReadXMLparseDemo;
			productReference = C8CF854B1C9280A00038DA8F /* ReadXMLparseDemo.app */;
			productType = "com.apple.product-type.application";
		};
		C8CF85631C9280A00038DA8F /* ReadXMLparseDemoTests */ = {
			isa = PBXNativeTarget;
			buildConfigurationList = C8CF857B1C9280A00038DA8F /* Build configuration list for PBXNativeTarget "ReadXMLparseDemoTests" */;
			buildPhases = (
				C8CF85601C9280A00038DA8F /* Sources */,
				C8CF85611C9280A00038DA8F /* Frameworks */,
				C8CF85621C9280A00038DA8F /* Resources */,
			);
			buildRules = (
			);
			dependencies = (
				C8CF85661C9280A00038DA8F /* PBXTargetDependency */,
			);
			name = ReadXMLparseDemoTests;
			productName = ReadXMLparseDemoTests;
			productReference = C8CF85641C9280A00038DA8F /* ReadXMLparseDemoTests.xctest */;
			productType = "com.apple.product-type.bundle.unit-test";
		};
		C8CF856E1C9280A00038DA8F /* ReadXMLparseDemoUITests */ = {
			isa = PBXNativeTarget;
			buildConfigurationList = C8CF857E1C9280A00038DA8F /* Build configuration list for PBXNativeTarget "ReadXMLparseDemoUITests" */;
			buildPhases = (
				C8CF856B1C9280A00038DA8F /* Sources */,
				C8CF856C1C9280A00038DA8F /* Frameworks */,
				C8CF856D1C9280A00038DA8F /* Resources */,
			);
			buildRules = (
			);
			dependencies = (
				C8CF85711C9280A00038DA8F /* PBXTargetDependency */,
			);
			name = ReadXMLparseDemoUITests;
			productName = ReadXMLparseDemoUITests;
			productReference = C8CF856F1C9280A00038DA8F /* ReadXMLparseDemoUITests.xctest */;
			productType = "com.apple.product-type.bundle.ui-testing";
		};
/* End PBXNativeTarget section */

/* Begin PBXProject section */
		C8CF85431C9280A00038DA8F /* Project object */ = {
			isa = PBXProject;
			attributes = {
				LastUpgradeCheck = 0720;
				ORGANIZATIONNAME = duongnguyen;
				TargetAttributes = {
					C8CF854A1C9280A00038DA8F = {
						CreatedOnToolsVersion = 7.2.1;
					};
					C8CF85631C9280A00038DA8F = {
						CreatedOnToolsVersion = 7.2.1;
						TestTargetID = C8CF854A1C9280A00038DA8F;
					};
					C8CF856E1C9280A00038DA8F = {
						CreatedOnToolsVersion = 7.2.1;
						TestTargetID = C8CF854A1C9280A00038DA8F;
					};
				};
			};
			buildConfigurationList = C8CF85461C9280A00038DA8F /* Build configuration list for PBXProject "ReadXMLparseDemo" */;
			compatibilityVersion = "Xcode 3.2";
			developmentRegion = English;
			hasScannedForEncodings = 0;
			knownRegions = (
				en,
				Base,
			);
			mainGroup = C8CF85421C9280A00038DA8F;
			productRefGroup = C8CF854C1C9280A00038DA8F /* Products */;
			projectDirPath = "";
			projectRoot = "";
			targets = (
				C8CF854A1C9280A00038DA8F /* ReadXMLparseDemo */,
				C8CF85631C9280A00038DA8F /* ReadXMLparseDemoTests */,
				C8CF856E1C9280A00038DA8F /* ReadXMLparseDemoUITests */,
			);
		};
/* End PBXProject section */

/* Begin PBXResourcesBuildPhase section */
		C8CF85491C9280A00038DA8F /* Resources */ = {
			isa = PBXResourcesBuildPhase;
			buildActionMask = 2147483647;
			files = (
				C8CF855E1C9280A00038DA8F /* LaunchScreen.storyboard in Resources */,
				C8CF855B1C9280A00038DA8F /* Assets.xcassets in Resources */,
				C8CF858F1C9286980038DA8F /* XMLParseTableViewCell.xib in Resources */,
				C8CF858A1C92819E0038DA8F /* RootViewController.xib in Resources */,
				C8CF85591C9280A00038DA8F /* Main.storyboard in Resources */,
			);
			runOnlyForDeploymentPostprocessing = 0;
		};
		C8CF85621C9280A00038DA8F /* Resources */ = {
			isa = PBXResourcesBuildPhase;
			buildActionMask = 2147483647;
			files = (
			);
			runOnlyForDeploymentPostprocessing = 0;
		};
		C8CF856D1C9280A00038DA8F /* Resources */ = {
			isa = PBXResourcesBuildPhase;
			buildActionMask = 2147483647;
			files = (
			);
			runOnlyForDeploymentPostprocessing = 0;
		};
/* End PBXResourcesBuildPhase section */

/* Begin PBXSourcesBuildPhase section */
		C8CF85471C9280A00038DA8F /* Sources */ = {
			isa = PBXSourcesBuildPhase;
			buildActionMask = 2147483647;
			files = (
				C8CF85531C9280A00038DA8F /* AppDelegate.m in Sources */,
				C8CF85941C9288870038DA8F /* EathquakeModel.m in Sources */,
				C8CF858E1C9286980038DA8F /* XMLParseTableViewCell.m in Sources */,
				C8CF85501C9280A00038DA8F /* main.m in Sources */,
				C8CF85891C92819E0038DA8F /* RootViewController.m in Sources */,
				C8CF85971C928ECE0038DA8F /* XMLParseOperation.m in Sources */,
			);
			runOnlyForDeploymentPostprocessing = 0;
		};
		C8CF85601C9280A00038DA8F /* Sources */ = {
			isa = PBXSourcesBuildPhase;
			buildActionMask = 2147483647;
			files = (
				C8CF85691C9280A00038DA8F /* ReadXMLparseDemoTests.m in Sources */,
			);
			runOnlyForDeploymentPostprocessing = 0;
		};
		C8CF856B1C9280A00038DA8F /* Sources */ = {
			isa = PBXSourcesBuildPhase;
			buildActionMask = 2147483647;
			files = (
				C8CF85741C9280A00038DA8F /* ReadXMLparseDemoUITests.m in Sources */,
			);
			runOnlyForDeploymentPostprocessing = 0;
		};
/* End PBXSourcesBuildPhase section */

/* Begin PBXTargetDependency section */
		C8CF85661C9280A00038DA8F /* PBXTargetDependency */ = {
			isa = PBXTargetDependency;
			target = C8CF854A1C9280A00038DA8F /* ReadXMLparseDemo */;
			targetProxy = C8CF85651C9280A00038DA8F /* PBXContainerItemProxy */;
		};
		C8CF85711C9280A00038DA8F /* PBXTargetDependency */ = {
			isa = PBXTargetDependency;
			target = C8CF854A1C9280A00038DA8F /* ReadXMLparseDemo */;
			targetProxy = C8CF85701C9280A00038DA8F /* PBXContainerItemProxy */;
		};
/* End PBXTargetDependency section */

/* Begin PBXVariantGroup section */
		C8CF85571C9280A00038DA8F /* Main.storyboard */ = {
			isa = PBXVariantGroup;
			children = (
				C8CF85581C9280A00038DA8F /* Base */,
			);
			name = Main.storyboard;
			sourceTree = "<group>";
		};
		C8CF855C1C9280A00038DA8F /* LaunchScreen.storyboard */ = {
			isa = PBXVariantGroup;
			children = (
				C8CF855D1C9280A00038DA8F /* Base */,
			);
			name = LaunchScreen.storyboard;
			sourceTree = "<group>";
		};
/* End PBXVariantGroup section */

/* Begin XCBuildConfiguration section */
		C8CF85761C9280A00038DA8F /* Debug */ = {
			isa = XCBuildConfiguration;
			buildSettings = {
				ALWAYS_SEARCH_USER_PATHS = NO;
				CLANG_CXX_LANGUAGE_STANDARD = "gnu++0x";
				CLANG_CXX_LIBRARY = "libc++";
				CLANG_ENABLE_MODULES = YES;
				CLANG_ENABLE_OBJC_ARC = YES;
				CLANG_WARN_BOOL_CONVERSION = YES;
				CLANG_WARN_CONSTANT_CONVERSION = YES;
				CLANG_WARN_DIRECT_OBJC_ISA_USAGE = YES_ERROR;
				CLANG_WARN_EMPTY_BODY = YES;
				CLANG_WARN_ENUM_CONVERSION = YES;
				CLANG_WARN_INT_CONVERSION = YES;
				CLANG_WARN_OBJC_ROOT_CLASS = YES_ERROR;
				CLANG_WARN_UNREACHABLE_CODE = YES;
				CLANG_WARN__DUPLICATE_METHOD_MATCH = YES;
				"CODE_SIGN_IDENTITY[sdk=iphoneos*]" = "iPhone Developer";
				COPY_PHASE_STRIP = NO;
				DEBUG_INFORMATION_FORMAT = dwarf;
				ENABLE_STRICT_OBJC_MSGSEND = YES;
				ENABLE_TESTABILITY = YES;
				GCC_C_LANGUAGE_STANDARD = gnu99;
				GCC_DYNAMIC_NO_PIC = NO;
				GCC_NO_COMMON_BLOCKS = YES;
				GCC_OPTIMIZATION_LEVEL = 0;
				GCC_PREPROCESSOR_DEFINITIONS = (
					"DEBUG=1",
					"$(inherited)",
				);
				GCC_WARN_64_TO_32_BIT_CONVERSION = YES;
				GCC_WARN_ABOUT_RETURN_TYPE = YES_ERROR;
				GCC_WARN_UNDECLARED_SELECTOR = YES;
				GCC_WARN_UNINITIALIZED_AUTOS = YES_AGGRESSIVE;
				GCC_WARN_UNUSED_FUNCTION = YES;
				GCC_WARN_UNUSED_VARIABLE = YES;
				IPHONEOS_DEPLOYMENT_TARGET = 9.2;
				MTL_ENABLE_DEBUG_INFO = YES;
				ONLY_ACTIVE_ARCH = YES;
				SDKROOT = iphoneos;
				TARGETED_DEVICE_FAMILY = "1,2";
			};
			name = Debug;
		};
		C8CF85771C9280A00038DA8F /* Release */ = {
			isa = XCBuildConfiguration;
			buildSettings = {
				ALWAYS_SEARCH_USER_PATHS = NO;
				CLANG_CXX_LANGUAGE_STANDARD = "gnu++0x";
				CLANG_CXX_LIBRARY = "libc++";
				CLANG_ENABLE_MODULES = YES;
				CLANG_ENABLE_OBJC_ARC = YES;
				CLANG_WARN_BOOL_CONVERSION = YES;
				CLANG_WARN_CONSTANT_CONVERSION = YES;
				CLANG_WARN_DIRECT_OBJC_ISA_USAGE = YES_ERROR;
				CLANG_WARN_EMPTY_BODY = YES;
				CLANG_WARN_ENUM_CONVERSION = YES;
				CLANG_WARN_INT_CONVERSION = YES;
				CLANG_WARN_OBJC_ROOT_CLASS = YES_ERROR;
				CLANG_WARN_UNREACHABLE_CODE = YES;
				CLANG_WARN__DUPLICATE_METHOD_MATCH = YES;
				"CODE_SIGN_IDENTITY[sdk=iphoneos*]" = "iPhone Developer";
				COPY_PHASE_STRIP = NO;
				DEBUG_INFORMATION_FORMAT = "dwarf-with-dsym";
				ENABLE_NS_ASSERTIONS = NO;
				ENABLE_STRICT_OBJC_MSGSEND = YES;
				GCC_C_LANGUAGE_STANDARD = gnu99;
				GCC_NO_COMMON_BLOCKS = YES;
				GCC_WARN_64_TO_32_BIT_CONVERSION = YES;
				GCC_WARN_ABOUT_RETURN_TYPE = YES_ERROR;
				GCC_WARN_UNDECLARED_SELECTOR = YES;
				GCC_WARN_UNINITIALIZED_AUTOS = YES_AGGRESSIVE;
				GCC_WARN_UNUSED_FUNCTION = YES;
				GCC_WARN_UNUSED_VARIABLE = YES;
				IPHONEOS_DEPLOYMENT_TARGET = 9.2;
				MTL_ENABLE_DEBUG_INFO = NO;
				SDKROOT = iphoneos;
				TARGETED_DEVICE_FAMILY = "1,2";
				VALIDATE_PRODUCT = YES;
			};
			name = Release;
		};
		C8CF85791C9280A00038DA8F /* Debug */ = {
			isa = XCBuildConfiguration;
			buildSettings = {
				ASSETCATALOG_COMPILER_APPICON_NAME = AppIcon;
				INFOPLIST_FILE = ReadXMLparseDemo/Info.plist;
				LD_RUNPATH_SEARCH_PATHS = "$(inherited) @executable_path/Frameworks";
				PRODUCT_BUNDLE_IDENTIFIER = com.swift1.ReadXMLparseDemo;
				PRODUCT_NAME = "$(TARGET_NAME)";
			};
			name = Debug;
		};
		C8CF857A1C9280A00038DA8F /* Release */ = {
			isa = XCBuildConfiguration;
			buildSettings = {
				ASSETCATALOG_COMPILER_APPICON_NAME = AppIcon;
				INFOPLIST_FILE = ReadXMLparseDemo/Info.plist;
				LD_RUNPATH_SEARCH_PATHS = "$(inherited) @executable_path/Frameworks";
				PRODUCT_BUNDLE_IDENTIFIER = com.swift1.ReadXMLparseDemo;
				PRODUCT_NAME = "$(TARGET_NAME)";
			};
			name = Release;
		};
		C8CF857C1C9280A00038DA8F /* Debug */ = {
			isa = XCBuildConfiguration;
			buildSettings = {
				BUNDLE_LOADER = "$(TEST_HOST)";
				INFOPLIST_FILE = ReadXMLparseDemoTests/Info.plist;
				LD_RUNPATH_SEARCH_PATHS = "$(inherited) @executable_path/Frameworks @loader_path/Frameworks";
				PRODUCT_BUNDLE_IDENTIFIER = com.swift1.ReadXMLparseDemoTests;
				PRODUCT_NAME = "$(TARGET_NAME)";
				TEST_HOST = "$(BUILT_PRODUCTS_DIR)/ReadXMLparseDemo.app/ReadXMLparseDemo";
			};
			name = Debug;
		};
		C8CF857D1C9280A00038DA8F /* Release */ = {
			isa = XCBuildConfiguration;
			buildSettings = {
				BUNDLE_LOADER = "$(TEST_HOST)";
				INFOPLIST_FILE = ReadXMLparseDemoTests/Info.plist;
				LD_RUNPATH_SEARCH_PATHS = "$(inherited) @executable_path/Frameworks @loader_path/Frameworks";
				PRODUCT_BUNDLE_IDENTIFIER = com.swift1.ReadXMLparseDemoTests;
				PRODUCT_NAME = "$(TARGET_NAME)";
				TEST_HOST = "$(BUILT_PRODUCTS_DIR)/ReadXMLparseDemo.app/ReadXMLparseDemo";
			};
			name = Release;
		};
		C8CF857F1C9280A00038DA8F /* Debug */ = {
			isa = XCBuildConfiguration;
			buildSettings = {
				INFOPLIST_FILE = ReadXMLparseDemoUITests/Info.plist;
				LD_RUNPATH_SEARCH_PATHS = "$(inherited) @executable_path/Frameworks @loader_path/Frameworks";
				PRODUCT_BUNDLE_IDENTIFIER = com.swift1.ReadXMLparseDemoUITests;
				PRODUCT_NAME = "$(TARGET_NAME)";
				TEST_TARGET_NAME = ReadXMLparseDemo;
				USES_XCTRUNNER = YES;
			};
			name = Debug;
		};
		C8CF85801C9280A00038DA8F /* Release */ = {
			isa = XCBuildConfiguration;
			buildSettings = {
				INFOPLIST_FILE = ReadXMLparseDemoUITests/Info.plist;
				LD_RUNPATH_SEARCH_PATHS = "$(inherited) @executable_path/Frameworks @loader_path/Frameworks";
				PRODUCT_BUNDLE_IDENTIFIER = com.swift1.ReadXMLparseDemoUITests;
				PRODUCT_NAME = "$(TARGET_NAME)";
				TEST_TARGET_NAME = ReadXMLparseDemo;
				USES_XCTRUNNER = YES;
			};
			name = Release;
		};
/* End XCBuildConfiguration section */

/* Begin XCConfigurationList section */
		C8CF85461C9280A00038DA8F /* Build configuration list for PBXProject "ReadXMLparseDemo" */ = {
			isa = XCConfigurationList;
			buildConfigurations = (
				C8CF85761C9280A00038DA8F /* Debug */,
				C8CF85771C9280A00038DA8F /* Release */,
			);
			defaultConfigurationIsVisible = 0;
			defaultConfigurationName = Release;
		};
		C8CF85781C9280A00038DA8F /* Build configuration list for PBXNativeTarget "ReadXMLparseDemo" */ = {
			isa = XCConfigurationList;
			buildConfigurations = (
				C8CF85791C9280A00038DA8F /* Debug */,
				C8CF857A1C9280A00038DA8F /* Release */,
			);
			defaultConfigurationIsVisible = 0;
		};
		C8CF857B1C9280A00038DA8F /* Build configuration list for PBXNativeTarget "ReadXMLparseDemoTests" */ = {
			isa = XCConfigurationList;
			buildConfigurations = (
				C8CF857C1C9280A00038DA8F /* Debug */,
				C8CF857D1C9280A00038DA8F /* Release */,
			);
			defaultConfigurationIsVisible = 0;
		};
		C8CF857E1C9280A00038DA8F /* Build configuration list for PBXNativeTarget "ReadXMLparseDemoUITests" */ = {
			isa = XCConfigurationList;
			buildConfigurations = (
				C8CF857F1C9280A00038DA8F /* Debug */,
				C8CF85801C9280A00038DA8F /* Release */,
			);
			defaultConfigurationIsVisible = 0;
		};
/* End XCConfigurationList section */
	};
	rootObject = C8CF85431C9280A00038DA8F /* Project object */;
}
